// !$*UTF8*$!
{
	archiveVersion = 1;
	classes = {
	};
	objectVersion = 56;
	objects = {

/* Begin PBXBuildFile section */
		79298D7F298524640003868E /* libfmod.dylib in Frameworks */ = {isa = PBXBuildFile; fileRef = 79ADB6FF29851F7900CEC98D /* libfmod.dylib */; };
		79298D80298524770003868E /* libfmodstudio.dylib in Frameworks */ = {isa = PBXBuildFile; fileRef = 79ADB70129851F7C00CEC98D /* libfmodstudio.dylib */; };
		79961166288E3C570085C2A8 /* CircleComponent.cpp in Sources */ = {isa = PBXBuildFile; fileRef = 79961147288E3C560085C2A8 /* CircleComponent.cpp */; };
		79961167288E3C570085C2A8 /* Shader.cpp in Sources */ = {isa = PBXBuildFile; fileRef = 7996114D288E3C560085C2A8 /* Shader.cpp */; };
		79961168288E3C570085C2A8 /* Texture.cpp in Sources */ = {isa = PBXBuildFile; fileRef = 7996114E288E3C570085C2A8 /* Texture.cpp */; };
		79961169288E3C570085C2A8 /* SpriteComponent.cpp in Sources */ = {isa = PBXBuildFile; fileRef = 79961150288E3C570085C2A8 /* SpriteComponent.cpp */; };
		7996116A288E3C570085C2A8 /* Mesh.cpp in Sources */ = {isa = PBXBuildFile; fileRef = 79961151288E3C570085C2A8 /* Mesh.cpp */; };
		7996116B288E3C570085C2A8 /* Game.cpp in Sources */ = {isa = PBXBuildFile; fileRef = 79961152288E3C570085C2A8 /* Game.cpp */; };
		7996116C288E3C570085C2A8 /* Math.cpp in Sources */ = {isa = PBXBuildFile; fileRef = 79961153288E3C570085C2A8 /* Math.cpp */; };
		7996116D288E3C570085C2A8 /* PlaneActor.cpp in Sources */ = {isa = PBXBuildFile; fileRef = 79961154288E3C570085C2A8 /* PlaneActor.cpp */; };
		7996116E288E3C570085C2A8 /* MeshComponent.cpp in Sources */ = {isa = PBXBuildFile; fileRef = 79961157288E3C570085C2A8 /* MeshComponent.cpp */; };
		7996116F288E3C570085C2A8 /* CameraActor.cpp in Sources */ = {isa = PBXBuildFile; fileRef = 7996115A288E3C570085C2A8 /* CameraActor.cpp */; };
		79961170288E3C570085C2A8 /* VertexArray.cpp in Sources */ = {isa = PBXBuildFile; fileRef = 7996115B288E3C570085C2A8 /* VertexArray.cpp */; };
		79961171288E3C570085C2A8 /* Component.cpp in Sources */ = {isa = PBXBuildFile; fileRef = 7996115F288E3C570085C2A8 /* Component.cpp */; };
		79961172288E3C570085C2A8 /* Actor.cpp in Sources */ = {isa = PBXBuildFile; fileRef = 79961160288E3C570085C2A8 /* Actor.cpp */; };
		79961173288E3C570085C2A8 /* MoveComponent.cpp in Sources */ = {isa = PBXBuildFile; fileRef = 79961161288E3C570085C2A8 /* MoveComponent.cpp */; };
		79961174288E3C570085C2A8 /* main.cpp in Sources */ = {isa = PBXBuildFile; fileRef = 79961162288E3C570085C2A8 /* main.cpp */; };
		79961175288E3C570085C2A8 /* Renderer.cpp in Sources */ = {isa = PBXBuildFile; fileRef = 79961163288E3C570085C2A8 /* Renderer.cpp */; };
		79961178288E3F830085C2A8 /* OpenGL.framework in Frameworks */ = {isa = PBXBuildFile; fileRef = 79961177288E3F830085C2A8 /* OpenGL.framework */; };
		79961181288E405D0085C2A8 /* AudioSystem.cpp in Sources */ = {isa = PBXBuildFile; fileRef = 7996117F288E405D0085C2A8 /* AudioSystem.cpp */; };
		799B1A6D2891191F00B65FA0 /* AudioComponent.cpp in Sources */ = {isa = PBXBuildFile; fileRef = 799B1A6B2891191F00B65FA0 /* AudioComponent.cpp */; };
		799BAAE32890ECBA00CAF981 /* SoundEvent.cpp in Sources */ = {isa = PBXBuildFile; fileRef = 799BAAE12890ECBA00CAF981 /* SoundEvent.cpp */; };
		79E1FE1429851C3900781C7C /* libSOIL.dylib in Frameworks */ = {isa = PBXBuildFile; fileRef = 79E1FE1329851C3900781C7C /* libSOIL.dylib */; };
		79E1FE1629851C3C00781C7C /* libSDL2_image-2.0.0.dylib in Frameworks */ = {isa = PBXBuildFile; fileRef = 79E1FE1529851C3C00781C7C /* libSDL2_image-2.0.0.dylib */; };
		79E1FE1829851C4100781C7C /* libSDL2-2.0.0.dylib in Frameworks */ = {isa = PBXBuildFile; fileRef = 79E1FE1729851C4100781C7C /* libSDL2-2.0.0.dylib */; };
		79E1FE1A29851C4800781C7C /* libGLEW.2.2.0.dylib in Frameworks */ = {isa = PBXBuildFile; fileRef = 79E1FE1929851C4700781C7C /* libGLEW.2.2.0.dylib */; };
/* End PBXBuildFile section */

/* Begin PBXCopyFilesBuildPhase section */
		79961139288E3A400085C2A8 /* CopyFiles */ = {
			isa = PBXCopyFilesBuildPhase;
			buildActionMask = 2147483647;
			dstPath = /usr/share/man/man1/;
			dstSubfolderSpec = 0;
			files = (
			);
			runOnlyForDeploymentPostprocessing = 1;
		};
/* End PBXCopyFilesBuildPhase section */

/* Begin PBXFileReference section */
		79298D7B298522C30003868E /* libfmodL.dylib */ = {isa = PBXFileReference; lastKnownFileType = "compiled.mach-o.dylib"; name = libfmodL.dylib; path = "../External/FMOD/FMOD Programmers API/api/lowlevel/lib/libfmodL.dylib"; sourceTree = "<group>"; };
		79298D7D298522CA0003868E /* libfmodstudioL.dylib */ = {isa = PBXFileReference; lastKnownFileType = "compiled.mach-o.dylib"; name = libfmodstudioL.dylib; path = "../External/FMOD/FMOD Programmers API/api/studio/lib/libfmodstudioL.dylib"; sourceTree = "<group>"; };
		7996113B288E3A400085C2A8 /* GPC_Ch07 */ = {isa = PBXFileReference; explicitFileType = "compiled.mach-o.executable"; includeInIndex = 0; path = GPC_Ch07; sourceTree = BUILT_PRODUCTS_DIR; };
		79961145288E3C490085C2A8 /* Shaders */ = {isa = PBXFileReference; lastKnownFileType = folder; path = Shaders; sourceTree = "<group>"; };
		79961146288E3C490085C2A8 /* Assets */ = {isa = PBXFileReference; lastKnownFileType = folder; path = Assets; sourceTree = "<group>"; };
		79961147288E3C560085C2A8 /* CircleComponent.cpp */ = {isa = PBXFileReference; fileEncoding = 4; lastKnownFileType = sourcecode.cpp.cpp; path = CircleComponent.cpp; sourceTree = "<group>"; };
		79961148288E3C560085C2A8 /* Texture.hpp */ = {isa = PBXFileReference; fileEncoding = 4; lastKnownFileType = sourcecode.cpp.h; path = Texture.hpp; sourceTree = "<group>"; };
		79961149288E3C560085C2A8 /* CircleComponent.hpp */ = {isa = PBXFileReference; fileEncoding = 4; lastKnownFileType = sourcecode.cpp.h; path = CircleComponent.hpp; sourceTree = "<group>"; };
		7996114A288E3C560085C2A8 /* PlaneActor.hpp */ = {isa = PBXFileReference; fileEncoding = 4; lastKnownFileType = sourcecode.cpp.h; path = PlaneActor.hpp; sourceTree = "<group>"; };
		7996114B288E3C560085C2A8 /* Renderer.hpp */ = {isa = PBXFileReference; fileEncoding = 4; lastKnownFileType = sourcecode.cpp.h; path = Renderer.hpp; sourceTree = "<group>"; };
		7996114C288E3C560085C2A8 /* SpriteComponent.hpp */ = {isa = PBXFileReference; fileEncoding = 4; lastKnownFileType = sourcecode.cpp.h; path = SpriteComponent.hpp; sourceTree = "<group>"; };
		7996114D288E3C560085C2A8 /* Shader.cpp */ = {isa = PBXFileReference; fileEncoding = 4; lastKnownFileType = sourcecode.cpp.cpp; path = Shader.cpp; sourceTree = "<group>"; };
		7996114E288E3C570085C2A8 /* Texture.cpp */ = {isa = PBXFileReference; fileEncoding = 4; lastKnownFileType = sourcecode.cpp.cpp; path = Texture.cpp; sourceTree = "<group>"; };
		7996114F288E3C570085C2A8 /* Actor.hpp */ = {isa = PBXFileReference; fileEncoding = 4; lastKnownFileType = sourcecode.cpp.h; path = Actor.hpp; sourceTree = "<group>"; };
		79961150288E3C570085C2A8 /* SpriteComponent.cpp */ = {isa = PBXFileReference; fileEncoding = 4; lastKnownFileType = sourcecode.cpp.cpp; path = SpriteComponent.cpp; sourceTree = "<group>"; };
		79961151288E3C570085C2A8 /* Mesh.cpp */ = {isa = PBXFileReference; fileEncoding = 4; lastKnownFileType = sourcecode.cpp.cpp; path = Mesh.cpp; sourceTree = "<group>"; };
		79961152288E3C570085C2A8 /* Game.cpp */ = {isa = PBXFileReference; fileEncoding = 4; lastKnownFileType = sourcecode.cpp.cpp; path = Game.cpp; sourceTree = "<group>"; };
		79961153288E3C570085C2A8 /* Math.cpp */ = {isa = PBXFileReference; fileEncoding = 4; lastKnownFileType = sourcecode.cpp.cpp; path = Math.cpp; sourceTree = "<group>"; };
		79961154288E3C570085C2A8 /* PlaneActor.cpp */ = {isa = PBXFileReference; fileEncoding = 4; lastKnownFileType = sourcecode.cpp.cpp; path = PlaneActor.cpp; sourceTree = "<group>"; };
		79961155288E3C570085C2A8 /* CameraActor.hpp */ = {isa = PBXFileReference; fileEncoding = 4; lastKnownFileType = sourcecode.cpp.h; path = CameraActor.hpp; sourceTree = "<group>"; };
		79961156288E3C570085C2A8 /* Mesh.hpp */ = {isa = PBXFileReference; fileEncoding = 4; lastKnownFileType = sourcecode.cpp.h; path = Mesh.hpp; sourceTree = "<group>"; };
		79961157288E3C570085C2A8 /* MeshComponent.cpp */ = {isa = PBXFileReference; fileEncoding = 4; lastKnownFileType = sourcecode.cpp.cpp; path = MeshComponent.cpp; sourceTree = "<group>"; };
		79961158288E3C570085C2A8 /* VertexArray.hpp */ = {isa = PBXFileReference; fileEncoding = 4; lastKnownFileType = sourcecode.cpp.h; path = VertexArray.hpp; sourceTree = "<group>"; };
		79961159288E3C570085C2A8 /* Game.hpp */ = {isa = PBXFileReference; fileEncoding = 4; lastKnownFileType = sourcecode.cpp.h; path = Game.hpp; sourceTree = "<group>"; };
		7996115A288E3C570085C2A8 /* CameraActor.cpp */ = {isa = PBXFileReference; fileEncoding = 4; lastKnownFileType = sourcecode.cpp.cpp; path = CameraActor.cpp; sourceTree = "<group>"; };
		7996115B288E3C570085C2A8 /* VertexArray.cpp */ = {isa = PBXFileReference; fileEncoding = 4; lastKnownFileType = sourcecode.cpp.cpp; path = VertexArray.cpp; sourceTree = "<group>"; };
		7996115C288E3C570085C2A8 /* Component.hpp */ = {isa = PBXFileReference; fileEncoding = 4; lastKnownFileType = sourcecode.cpp.h; path = Component.hpp; sourceTree = "<group>"; };
		7996115D288E3C570085C2A8 /* MoveComponent.hpp */ = {isa = PBXFileReference; fileEncoding = 4; lastKnownFileType = sourcecode.cpp.h; path = MoveComponent.hpp; sourceTree = "<group>"; };
		7996115E288E3C570085C2A8 /* MeshComponent.hpp */ = {isa = PBXFileReference; fileEncoding = 4; lastKnownFileType = sourcecode.cpp.h; path = MeshComponent.hpp; sourceTree = "<group>"; };
		7996115F288E3C570085C2A8 /* Component.cpp */ = {isa = PBXFileReference; fileEncoding = 4; lastKnownFileType = sourcecode.cpp.cpp; path = Component.cpp; sourceTree = "<group>"; };
		79961160288E3C570085C2A8 /* Actor.cpp */ = {isa = PBXFileReference; fileEncoding = 4; lastKnownFileType = sourcecode.cpp.cpp; path = Actor.cpp; sourceTree = "<group>"; };
		79961161288E3C570085C2A8 /* MoveComponent.cpp */ = {isa = PBXFileReference; fileEncoding = 4; lastKnownFileType = sourcecode.cpp.cpp; path = MoveComponent.cpp; sourceTree = "<group>"; };
		79961162288E3C570085C2A8 /* main.cpp */ = {isa = PBXFileReference; fileEncoding = 4; lastKnownFileType = sourcecode.cpp.cpp; path = main.cpp; sourceTree = "<group>"; };
		79961163288E3C570085C2A8 /* Renderer.cpp */ = {isa = PBXFileReference; fileEncoding = 4; lastKnownFileType = sourcecode.cpp.cpp; path = Renderer.cpp; sourceTree = "<group>"; };
		79961164288E3C570085C2A8 /* Math.hpp */ = {isa = PBXFileReference; fileEncoding = 4; lastKnownFileType = sourcecode.cpp.h; path = Math.hpp; sourceTree = "<group>"; };
		79961165288E3C570085C2A8 /* Shader.hpp */ = {isa = PBXFileReference; fileEncoding = 4; lastKnownFileType = sourcecode.cpp.h; path = Shader.hpp; sourceTree = "<group>"; };
		79961177288E3F830085C2A8 /* OpenGL.framework */ = {isa = PBXFileReference; lastKnownFileType = wrapper.framework; name = OpenGL.framework; path = System/Library/Frameworks/OpenGL.framework; sourceTree = SDKROOT; };
		7996117F288E405D0085C2A8 /* AudioSystem.cpp */ = {isa = PBXFileReference; lastKnownFileType = sourcecode.cpp.cpp; path = AudioSystem.cpp; sourceTree = "<group>"; };
		79961180288E405D0085C2A8 /* AudioSystem.hpp */ = {isa = PBXFileReference; lastKnownFileType = sourcecode.cpp.h; path = AudioSystem.hpp; sourceTree = "<group>"; };
		799B1A6B2891191F00B65FA0 /* AudioComponent.cpp */ = {isa = PBXFileReference; lastKnownFileType = sourcecode.cpp.cpp; path = AudioComponent.cpp; sourceTree = "<group>"; };
		799B1A6C2891191F00B65FA0 /* AudioComponent.hpp */ = {isa = PBXFileReference; lastKnownFileType = sourcecode.cpp.h; path = AudioComponent.hpp; sourceTree = "<group>"; };
		799BAAE12890ECBA00CAF981 /* SoundEvent.cpp */ = {isa = PBXFileReference; lastKnownFileType = sourcecode.cpp.cpp; path = SoundEvent.cpp; sourceTree = "<group>"; };
		799BAAE22890ECBA00CAF981 /* SoundEvent.hpp */ = {isa = PBXFileReference; lastKnownFileType = sourcecode.cpp.h; path = SoundEvent.hpp; sourceTree = "<group>"; };
		799BAAE82890FC6300CAF981 /* GPC_Ch07.entitlements */ = {isa = PBXFileReference; lastKnownFileType = text.plist.entitlements; path = GPC_Ch07.entitlements; sourceTree = "<group>"; };
		79ADB6FF29851F7900CEC98D /* libfmod.dylib */ = {isa = PBXFileReference; lastKnownFileType = "compiled.mach-o.dylib"; name = libfmod.dylib; path = "../External/FMOD/FMOD Programmers API/api/lowlevel/lib/libfmod.dylib"; sourceTree = "<group>"; };
		79ADB70129851F7C00CEC98D /* libfmodstudio.dylib */ = {isa = PBXFileReference; lastKnownFileType = "compiled.mach-o.dylib"; name = libfmodstudio.dylib; path = "../External/FMOD/FMOD Programmers API/api/studio/lib/libfmodstudio.dylib"; sourceTree = "<group>"; };
		79E1FE1329851C3900781C7C /* libSOIL.dylib */ = {isa = PBXFileReference; lastKnownFileType = "compiled.mach-o.dylib"; name = libSOIL.dylib; path = ../External/SOIL/lib/libSOIL.dylib; sourceTree = "<group>"; };
		79E1FE1529851C3C00781C7C /* libSDL2_image-2.0.0.dylib */ = {isa = PBXFileReference; lastKnownFileType = "compiled.mach-o.dylib"; name = "libSDL2_image-2.0.0.dylib"; path = "../External/sdl2_image/2.6.0_1/lib/libSDL2_image-2.0.0.dylib"; sourceTree = "<group>"; };
		79E1FE1729851C4100781C7C /* libSDL2-2.0.0.dylib */ = {isa = PBXFileReference; lastKnownFileType = "compiled.mach-o.dylib"; name = "libSDL2-2.0.0.dylib"; path = "../External/sdl2/2.0.22/lib/libSDL2-2.0.0.dylib"; sourceTree = "<group>"; };
		79E1FE1929851C4700781C7C /* libGLEW.2.2.0.dylib */ = {isa = PBXFileReference; lastKnownFileType = "compiled.mach-o.dylib"; name = libGLEW.2.2.0.dylib; path = ../External/glew/2.2.0_1/lib/libGLEW.2.2.0.dylib; sourceTree = "<group>"; };
/* End PBXFileReference section */

/* Begin PBXFrameworksBuildPhase section */
		79961138288E3A400085C2A8 /* Frameworks */ = {
			isa = PBXFrameworksBuildPhase;
			buildActionMask = 2147483647;
			files = (
				79298D80298524770003868E /* libfmodstudio.dylib in Frameworks */,
				79298D7F298524640003868E /* libfmod.dylib in Frameworks */,
				79961178288E3F830085C2A8 /* OpenGL.framework in Frameworks */,
				79E1FE1A29851C4800781C7C /* libGLEW.2.2.0.dylib in Frameworks */,
				79E1FE1629851C3C00781C7C /* libSDL2_image-2.0.0.dylib in Frameworks */,
				79E1FE1829851C4100781C7C /* libSDL2-2.0.0.dylib in Frameworks */,
				79E1FE1429851C3900781C7C /* libSOIL.dylib in Frameworks */,
			);
			runOnlyForDeploymentPostprocessing = 0;
		};
/* End PBXFrameworksBuildPhase section */

/* Begin PBXGroup section */
		79961132288E3A400085C2A8 = {
			isa = PBXGroup;
			children = (
				79961146288E3C490085C2A8 /* Assets */,
				79961145288E3C490085C2A8 /* Shaders */,
				7996113D288E3A400085C2A8 /* GPC_Ch07 */,
				7996113C288E3A400085C2A8 /* Products */,
				79961176288E3F830085C2A8 /* Frameworks */,
			);
			sourceTree = "<group>";
		};
		7996113C288E3A400085C2A8 /* Products */ = {
			isa = PBXGroup;
			children = (
				7996113B288E3A400085C2A8 /* GPC_Ch07 */,
			);
			name = Products;
			sourceTree = "<group>";
		};
		7996113D288E3A400085C2A8 /* GPC_Ch07 */ = {
			isa = PBXGroup;
			children = (
				799BAAE82890FC6300CAF981 /* GPC_Ch07.entitlements */,
				79961162288E3C570085C2A8 /* main.cpp */,
				7996114F288E3C570085C2A8 /* Actor.hpp */,
				79961160288E3C570085C2A8 /* Actor.cpp */,
				79961155288E3C570085C2A8 /* CameraActor.hpp */,
				7996115A288E3C570085C2A8 /* CameraActor.cpp */,
				79961149288E3C560085C2A8 /* CircleComponent.hpp */,
				79961147288E3C560085C2A8 /* CircleComponent.cpp */,
				7996115C288E3C570085C2A8 /* Component.hpp */,
				7996115F288E3C570085C2A8 /* Component.cpp */,
				79961159288E3C570085C2A8 /* Game.hpp */,
				79961152288E3C570085C2A8 /* Game.cpp */,
				79961164288E3C570085C2A8 /* Math.hpp */,
				79961153288E3C570085C2A8 /* Math.cpp */,
				79961156288E3C570085C2A8 /* Mesh.hpp */,
				79961151288E3C570085C2A8 /* Mesh.cpp */,
				7996115E288E3C570085C2A8 /* MeshComponent.hpp */,
				79961157288E3C570085C2A8 /* MeshComponent.cpp */,
				7996115D288E3C570085C2A8 /* MoveComponent.hpp */,
				79961161288E3C570085C2A8 /* MoveComponent.cpp */,
				799B1A6C2891191F00B65FA0 /* AudioComponent.hpp */,
				799B1A6B2891191F00B65FA0 /* AudioComponent.cpp */,
				79961154288E3C570085C2A8 /* PlaneActor.cpp */,
				7996114A288E3C560085C2A8 /* PlaneActor.hpp */,
				79961163288E3C570085C2A8 /* Renderer.cpp */,
				7996114B288E3C560085C2A8 /* Renderer.hpp */,
				79961180288E405D0085C2A8 /* AudioSystem.hpp */,
				7996117F288E405D0085C2A8 /* AudioSystem.cpp */,
				799BAAE22890ECBA00CAF981 /* SoundEvent.hpp */,
				799BAAE12890ECBA00CAF981 /* SoundEvent.cpp */,
				7996114D288E3C560085C2A8 /* Shader.cpp */,
				79961165288E3C570085C2A8 /* Shader.hpp */,
				79961150288E3C570085C2A8 /* SpriteComponent.cpp */,
				7996114C288E3C560085C2A8 /* SpriteComponent.hpp */,
				7996114E288E3C570085C2A8 /* Texture.cpp */,
				79961148288E3C560085C2A8 /* Texture.hpp */,
				7996115B288E3C570085C2A8 /* VertexArray.cpp */,
				79961158288E3C570085C2A8 /* VertexArray.hpp */,
			);
			path = GPC_Ch07;
			sourceTree = "<group>";
		};
		79961176288E3F830085C2A8 /* Frameworks */ = {
			isa = PBXGroup;
			children = (
				79298D7D298522CA0003868E /* libfmodstudioL.dylib */,
				79298D7B298522C30003868E /* libfmodL.dylib */,
				79ADB70129851F7C00CEC98D /* libfmodstudio.dylib */,
				79ADB6FF29851F7900CEC98D /* libfmod.dylib */,
				79E1FE1929851C4700781C7C /* libGLEW.2.2.0.dylib */,
				79E1FE1729851C4100781C7C /* libSDL2-2.0.0.dylib */,
				79E1FE1529851C3C00781C7C /* libSDL2_image-2.0.0.dylib */,
				79E1FE1329851C3900781C7C /* libSOIL.dylib */,
				79961177288E3F830085C2A8 /* OpenGL.framework */,
			);
			name = Frameworks;
			sourceTree = "<group>";
		};
/* End PBXGroup section */

/* Begin PBXNativeTarget section */
		7996113A288E3A400085C2A8 /* GPC_Ch07 */ = {
			isa = PBXNativeTarget;
			buildConfigurationList = 79961142288E3A400085C2A8 /* Build configuration list for PBXNativeTarget "GPC_Ch07" */;
			buildPhases = (
				79961137288E3A400085C2A8 /* Sources */,
				79961138288E3A400085C2A8 /* Frameworks */,
				79961139288E3A400085C2A8 /* CopyFiles */,
				79298D7A298522430003868E /* ShellScript */,
			);
			buildRules = (
			);
			dependencies = (
			);
			name = GPC_Ch07;
			productName = GPC_Ch07;
			productReference = 7996113B288E3A400085C2A8 /* GPC_Ch07 */;
			productType = "com.apple.product-type.tool";
		};
/* End PBXNativeTarget section */

/* Begin PBXProject section */
		79961133288E3A400085C2A8 /* Project object */ = {
			isa = PBXProject;
			attributes = {
				BuildIndependentTargetsInParallel = 1;
				LastUpgradeCheck = 1340;
				TargetAttributes = {
					7996113A288E3A400085C2A8 = {
						CreatedOnToolsVersion = 13.4.1;
					};
				};
			};
			buildConfigurationList = 79961136288E3A400085C2A8 /* Build configuration list for PBXProject "GPC_Ch07" */;
			compatibilityVersion = "Xcode 14.0";
			developmentRegion = en;
			hasScannedForEncodings = 0;
			knownRegions = (
				en,
				Base,
			);
			mainGroup = 79961132288E3A400085C2A8;
			productRefGroup = 7996113C288E3A400085C2A8 /* Products */;
			projectDirPath = "";
			projectRoot = "";
			targets = (
				7996113A288E3A400085C2A8 /* GPC_Ch07 */,
			);
		};
/* End PBXProject section */

/* Begin PBXShellScriptBuildPhase section */
		79298D7A298522430003868E /* ShellScript */ = {
			isa = PBXShellScriptBuildPhase;
			buildActionMask = 2147483647;
			files = (
			);
			inputFileListPaths = (
			);
			inputPaths = (
			);
			outputFileListPaths = (
			);
			outputPaths = (
			);
			runOnlyForDeploymentPostprocessing = 0;
			shellPath = /bin/sh;
			shellScript = "if [ -d \"$BUILD_DIR/Debug\" ]; then\n    cp \"$SRCROOT\"/../External/glew/lib/*.dylib $BUILD_DIR/Debug\n    cp \"$SRCROOT\"/../External/sdl2/lib/*.dylib $BUILD_DIR/Debug\n    cp \"$SRCROOT\"/../External/FMOD/\"FMOD Programmers API\"/api/lowlevel/lib/*.dylib $BUILD_DIR/Debug\n    cp \"$SRCROOT\"/../External/FMOD/\"FMOD Programmers API\"/api/studio/lib/*.dylib $BUILD_DIR/Debug\nfi\n\nif [ -d \"$BUILD_DIR/Release\" ]; then\n    cp \"$SRCROOT\"/../External/glew/lib/*.dylib $BUILD_DIR/Release\n    cp \"$SRCROOT\"/../External/sdl2/lib/*.dylib $BUILD_DIR/Release\n    cp \"$SRCROOT\"/../External/FMOD/\"FMOD Programmers API\"/api/lowlevel/lib/*.dylib $BUILD_DIR/Release\n    cp \"$SRCROOT\"/../External/FMOD/\"FMOD Programmers API\"/api/studio/lib/*.dylib $BUILD_DIR/Release\nfi\n\n";
		};
/* End PBXShellScriptBuildPhase section */

/* Begin PBXSourcesBuildPhase section */
		79961137288E3A400085C2A8 /* Sources */ = {
			isa = PBXSourcesBuildPhase;
			buildActionMask = 2147483647;
			files = (
				799BAAE32890ECBA00CAF981 /* SoundEvent.cpp in Sources */,
				79961172288E3C570085C2A8 /* Actor.cpp in Sources */,
				79961170288E3C570085C2A8 /* VertexArray.cpp in Sources */,
				79961171288E3C570085C2A8 /* Component.cpp in Sources */,
				7996116D288E3C570085C2A8 /* PlaneActor.cpp in Sources */,
				79961175288E3C570085C2A8 /* Renderer.cpp in Sources */,
				79961173288E3C570085C2A8 /* MoveComponent.cpp in Sources */,
				79961168288E3C570085C2A8 /* Texture.cpp in Sources */,
				7996116C288E3C570085C2A8 /* Math.cpp in Sources */,
				799B1A6D2891191F00B65FA0 /* AudioComponent.cpp in Sources */,
				79961167288E3C570085C2A8 /* Shader.cpp in Sources */,
				79961181288E405D0085C2A8 /* AudioSystem.cpp in Sources */,
				79961174288E3C570085C2A8 /* main.cpp in Sources */,
				79961169288E3C570085C2A8 /* SpriteComponent.cpp in Sources */,
				7996116B288E3C570085C2A8 /* Game.cpp in Sources */,
				7996116F288E3C570085C2A8 /* CameraActor.cpp in Sources */,
				79961166288E3C570085C2A8 /* CircleComponent.cpp in Sources */,
				7996116E288E3C570085C2A8 /* MeshComponent.cpp in Sources */,
				7996116A288E3C570085C2A8 /* Mesh.cpp in Sources */,
			);
			runOnlyForDeploymentPostprocessing = 0;
		};
/* End PBXSourcesBuildPhase section */

/* Begin XCBuildConfiguration section */
		79961140288E3A400085C2A8 /* Debug */ = {
			isa = XCBuildConfiguration;
			buildSettings = {
				ALWAYS_SEARCH_USER_PATHS = NO;
				CLANG_ANALYZER_NONNULL = YES;
				CLANG_ANALYZER_NUMBER_OBJECT_CONVERSION = YES_AGGRESSIVE;
				CLANG_CXX_LANGUAGE_STANDARD = "gnu++17";
				CLANG_ENABLE_MODULES = YES;
				CLANG_ENABLE_OBJC_ARC = YES;
				CLANG_ENABLE_OBJC_WEAK = YES;
				CLANG_WARN_BLOCK_CAPTURE_AUTORELEASING = YES;
				CLANG_WARN_BOOL_CONVERSION = YES;
				CLANG_WARN_COMMA = YES;
				CLANG_WARN_CONSTANT_CONVERSION = YES;
				CLANG_WARN_DEPRECATED_OBJC_IMPLEMENTATIONS = YES;
				CLANG_WARN_DIRECT_OBJC_ISA_USAGE = YES_ERROR;
				CLANG_WARN_DOCUMENTATION_COMMENTS = YES;
				CLANG_WARN_EMPTY_BODY = YES;
				CLANG_WARN_ENUM_CONVERSION = YES;
				CLANG_WARN_INFINITE_RECURSION = YES;
				CLANG_WARN_INT_CONVERSION = YES;
				CLANG_WARN_NON_LITERAL_NULL_CONVERSION = YES;
				CLANG_WARN_OBJC_IMPLICIT_RETAIN_SELF = YES;
				CLANG_WARN_OBJC_LITERAL_CONVERSION = YES;
				CLANG_WARN_OBJC_ROOT_CLASS = YES_ERROR;
				CLANG_WARN_QUOTED_INCLUDE_IN_FRAMEWORK_HEADER = YES;
				CLANG_WARN_RANGE_LOOP_ANALYSIS = YES;
				CLANG_WARN_STRICT_PROTOTYPES = YES;
				CLANG_WARN_SUSPICIOUS_MOVE = YES;
				CLANG_WARN_UNGUARDED_AVAILABILITY = YES_AGGRESSIVE;
				CLANG_WARN_UNREACHABLE_CODE = YES;
				CLANG_WARN__DUPLICATE_METHOD_MATCH = YES;
				COPY_PHASE_STRIP = NO;
				DEBUG_INFORMATION_FORMAT = dwarf;
				ENABLE_STRICT_OBJC_MSGSEND = YES;
				ENABLE_TESTABILITY = YES;
				GCC_C_LANGUAGE_STANDARD = gnu11;
				GCC_DYNAMIC_NO_PIC = NO;
				GCC_NO_COMMON_BLOCKS = YES;
				GCC_OPTIMIZATION_LEVEL = 0;
				GCC_PREPROCESSOR_DEFINITIONS = (
					"DEBUG=1",
					"$(inherited)",
				);
				GCC_WARN_64_TO_32_BIT_CONVERSION = YES;
				GCC_WARN_ABOUT_RETURN_TYPE = YES_ERROR;
				GCC_WARN_UNDECLARED_SELECTOR = YES;
				GCC_WARN_UNINITIALIZED_AUTOS = YES_AGGRESSIVE;
				GCC_WARN_UNUSED_FUNCTION = YES;
				GCC_WARN_UNUSED_VARIABLE = YES;
				MACOSX_DEPLOYMENT_TARGET = 12.3;
				MTL_ENABLE_DEBUG_INFO = INCLUDE_SOURCE;
				MTL_FAST_MATH = YES;
				ONLY_ACTIVE_ARCH = YES;
				SDKROOT = macosx;
			};
			name = Debug;
		};
		79961141288E3A400085C2A8 /* Release */ = {
			isa = XCBuildConfiguration;
			buildSettings = {
				ALWAYS_SEARCH_USER_PATHS = NO;
				CLANG_ANALYZER_NONNULL = YES;
				CLANG_ANALYZER_NUMBER_OBJECT_CONVERSION = YES_AGGRESSIVE;
				CLANG_CXX_LANGUAGE_STANDARD = "gnu++17";
				CLANG_ENABLE_MODULES = YES;
				CLANG_ENABLE_OBJC_ARC = YES;
				CLANG_ENABLE_OBJC_WEAK = YES;
				CLANG_WARN_BLOCK_CAPTURE_AUTORELEASING = YES;
				CLANG_WARN_BOOL_CONVERSION = YES;
				CLANG_WARN_COMMA = YES;
				CLANG_WARN_CONSTANT_CONVERSION = YES;
				CLANG_WARN_DEPRECATED_OBJC_IMPLEMENTATIONS = YES;
				CLANG_WARN_DIRECT_OBJC_ISA_USAGE = YES_ERROR;
				CLANG_WARN_DOCUMENTATION_COMMENTS = YES;
				CLANG_WARN_EMPTY_BODY = YES;
				CLANG_WARN_ENUM_CONVERSION = YES;
				CLANG_WARN_INFINITE_RECURSION = YES;
				CLANG_WARN_INT_CONVERSION = YES;
				CLANG_WARN_NON_LITERAL_NULL_CONVERSION = YES;
				CLANG_WARN_OBJC_IMPLICIT_RETAIN_SELF = YES;
				CLANG_WARN_OBJC_LITERAL_CONVERSION = YES;
				CLANG_WARN_OBJC_ROOT_CLASS = YES_ERROR;
				CLANG_WARN_QUOTED_INCLUDE_IN_FRAMEWORK_HEADER = YES;
				CLANG_WARN_RANGE_LOOP_ANALYSIS = YES;
				CLANG_WARN_STRICT_PROTOTYPES = YES;
				CLANG_WARN_SUSPICIOUS_MOVE = YES;
				CLANG_WARN_UNGUARDED_AVAILABILITY = YES_AGGRESSIVE;
				CLANG_WARN_UNREACHABLE_CODE = YES;
				CLANG_WARN__DUPLICATE_METHOD_MATCH = YES;
				COPY_PHASE_STRIP = NO;
				DEBUG_INFORMATION_FORMAT = "dwarf-with-dsym";
				ENABLE_NS_ASSERTIONS = NO;
				ENABLE_STRICT_OBJC_MSGSEND = YES;
				GCC_C_LANGUAGE_STANDARD = gnu11;
				GCC_NO_COMMON_BLOCKS = YES;
				GCC_WARN_64_TO_32_BIT_CONVERSION = YES;
				GCC_WARN_ABOUT_RETURN_TYPE = YES_ERROR;
				GCC_WARN_UNDECLARED_SELECTOR = YES;
				GCC_WARN_UNINITIALIZED_AUTOS = YES_AGGRESSIVE;
				GCC_WARN_UNUSED_FUNCTION = YES;
				GCC_WARN_UNUSED_VARIABLE = YES;
				MACOSX_DEPLOYMENT_TARGET = 12.3;
				MTL_ENABLE_DEBUG_INFO = NO;
				MTL_FAST_MATH = YES;
				SDKROOT = macosx;
			};
			name = Release;
		};
		79961143288E3A400085C2A8 /* Debug */ = {
			isa = XCBuildConfiguration;
			buildSettings = {
				CODE_SIGN_ENTITLEMENTS = GPC_Ch07/GPC_Ch07.entitlements;
				CODE_SIGN_STYLE = Automatic;
				DEVELOPMENT_TEAM = 9DLP5G32Z4;
				ENABLE_HARDENED_RUNTIME = YES;
				HEADER_SEARCH_PATHS = (
					"$(SRCROOT)/../External/sdl2/\"2.0.22\"/include/**",
					"$(SRCROOT)/../External/sdl2_image/\"2.6.0_1\"/include",
					"$(SRCROOT)/../External/SOIL/include",
					"$(SRCROOT)/../External/glew/\"2.2.0_1\"/include",
					"$(SRCROOT)/../External/rapidjson/include",
					"$(SRCROOT)/../External/FMOD/\"FMOD Programmers API\"/api/lowlevel/inc",
					"$(SRCROOT)/../External/FMOD/\"FMOD Programmers API\"/api/studio/inc",
				);
				LIBRARY_SEARCH_PATHS = (
					"$(inherited)",
					"$(SRCROOT)/../External/sdl2/\"2.0.22\"/lib",
					"$(SRCROOT)/../External/sdl2_image/\"2.6.0_1\"/lib",
					"$(SRCROOT)/../External/SOIL/lib",
					"$(SRCROOT)/../External/glew/\"2.2.0_1\"/lib",
					"$(SRCROOT)/../External/FMOD/\"FMOD Programmers API\"/api/lowlevel/lib",
					"$(SRCROOT)/../External/FMOD/\"FMOD Programmers API\"/api/studio/lib",
				);
				PRODUCT_NAME = "$(TARGET_NAME)";
			};
			name = Debug;
		};
		79961144288E3A400085C2A8 /* Release */ = {
			isa = XCBuildConfiguration;
			buildSettings = {
				CODE_SIGN_ENTITLEMENTS = GPC_Ch07/GPC_Ch07.entitlements;
				CODE_SIGN_STYLE = Automatic;
				DEVELOPMENT_TEAM = 9DLP5G32Z4;
				ENABLE_HARDENED_RUNTIME = YES;
				HEADER_SEARCH_PATHS = (
					"$(SRCROOT)/../External/sdl2/\"2.0.22\"/include/**",
					"$(SRCROOT)/../External/sdl2_image/\"2.6.0_1\"/include",
					"$(SRCROOT)/../External/SOIL/include",
					"$(SRCROOT)/../External/glew/\"2.2.0_1\"/include",
					"$(SRCROOT)/../External/rapidjson/include",
					"$(SRCROOT)/../External/FMOD/\"FMOD Programmers API\"/api/lowlevel/inc",
					"$(SRCROOT)/../External/FMOD/\"FMOD Programmers API\"/api/studio/inc",
				);
				LIBRARY_SEARCH_PATHS = (
					"$(inherited)",
					"$(SRCROOT)/../External/sdl2/\"2.0.22\"/lib",
					"$(SRCROOT)/../External/sdl2_image/\"2.6.0_1\"/lib",
					"$(SRCROOT)/../External/SOIL/lib",
					"$(SRCROOT)/../External/glew/\"2.2.0_1\"/lib",
					"$(SRCROOT)/../External/FMOD/\"FMOD Programmers API\"/api/lowlevel/lib",
					"$(SRCROOT)/../External/FMOD/\"FMOD Programmers API\"/api/studio/lib",
				);
				PRODUCT_NAME = "$(TARGET_NAME)";
			};
			name = Release;
		};
/* End XCBuildConfiguration section */

/* Begin XCConfigurationList section */
		79961136288E3A400085C2A8 /* Build configuration list for PBXProject "GPC_Ch07" */ = {
			isa = XCConfigurationList;
			buildConfigurations = (
				79961140288E3A400085C2A8 /* Debug */,
				79961141288E3A400085C2A8 /* Release */,
			);
			defaultConfigurationIsVisible = 0;
			defaultConfigurationName = Release;
		};
		79961142288E3A400085C2A8 /* Build configuration list for PBXNativeTarget "GPC_Ch07" */ = {
			isa = XCConfigurationList;
			buildConfigurations = (
				79961143288E3A400085C2A8 /* Debug */,
				79961144288E3A400085C2A8 /* Release */,
			);
			defaultConfigurationIsVisible = 0;
			defaultConfigurationName = Release;
		};
/* End XCConfigurationList section */
	};
	rootObject = 79961133288E3A400085C2A8 /* Project object */;
}
